
Microsoft Visual Studio Solution File, Format Version 12.00
# Visual Studio 15
VisualStudioVersion = 15.0.28307.1082
MinimumVisualStudioVersion = 10.0.40219.1
Project("{FAE04EC0-301F-11D3-BF4B-00C04F79EFBC}") = "task8", "task8\task8.csproj", "{E704BB86-E7BB-43B5-809A-EAD8D3637E1A}"
EndProject
Global
	GlobalSection(SolutionConfigurationPlatforms) = preSolution
		Debug|Any CPU = Debug|Any CPU
		Release|Any CPU = Release|Any CPU
	EndGlobalSection
	GlobalSection(ProjectConfigurationPlatforms) = postSolution
		{E704BB86-E7BB-43B5-809A-EAD8D3637E1A}.Debug|Any CPU.ActiveCfg = Debug|Any CPU
		{E704BB86-E7BB-43B5-809A-EAD8D3637E1A}.Debug|Any CPU.Build.0 = Debug|Any CPU
		{E704BB86-E7BB-43B5-809A-EAD8D3637E1A}.Release|Any CPU.ActiveCfg = Release|Any CPU
		{E704BB86-E7BB-43B5-809A-EAD8D3637E1A}.Release|Any CPU.Build.0 = Release|Any CPU
	EndGlobalSection
	GlobalSection(SolutionProperties) = preSolution
		HideSolutionNode = FALSE
	EndGlobalSection
	GlobalSection(ExtensibilityGlobals) = postSolution
		SolutionGuid = {0C133EB7-C992-4E84-BE6A-96108A2A60EA}
	EndGlobalSection
EndGlobal
